{
	"name": "web",
	"version": "0.0.1",
	"lockfileVersion": 3,
	"requires": true,
	"packages": {
		"": {
			"name": "web",
			"version": "0.0.1",
			"dependencies": {
				"@portabletext/svelte": "^3.0.1",
				"@sanity/client": "^7.14.0",
				"@sanity/image-url": "^1.2.0",
				"groq": "^3.88.2"
			},
			"devDependencies": {
				"@portabletext/types": "^4.0.2",
				"@sveltejs/adapter-netlify": "^6.0.4",
				"@sveltejs/kit": "^2.57.0",
				"@sveltejs/vite-plugin-svelte": "^7.0.0",
				"svelte": "^5.55.2",
				"svelte-check": "^4.4.6",
				"typescript": "^6.0.2",
				"vite": "^8.0.7"
			}
		},
		"../node_modules/.pnpm/@sanity+client@7.22.0/node_modules/@sanity/client": {
			"version": "7.22.0",
			"license": "MIT",
			"dependencies": {
				"@sanity/eventsource": "^5.0.2",
				"get-it": "^8.7.2",
				"nanoid": "^3.3.11",
				"rxjs": "^7.0.0"
			},
			"devDependencies": {
				"@edge-runtime/types": "^4.0.0",
				"@edge-runtime/vm": "^5.0.0",
				"@eslint/eslintrc": "^3.3.1",
				"@eslint/js": "^9.24.0",
				"@rollup/plugin-commonjs": "^28.0.3",
				"@rollup/plugin-node-resolve": "^16.0.1",
				"@sanity/client-latest": "npm:@sanity/client@latest",
				"@sanity/pkg-utils": "^7.2.2",
				"@types/json-diff": "^1.0.3",
				"@types/node": "^22.9.0",
				"@typescript-eslint/eslint-plugin": "^8.29.1",
				"@typescript-eslint/parser": "^8.29.1",
				"@vercel/stega": "1.1.0",
				"@vitest/coverage-v8": "3.1.1",
				"eslint": "^9.24.0",
				"eslint-config-prettier": "^10.1.1",
				"eslint-formatter-compact": "^8.40.0",
				"eslint-plugin-prettier": "^5.2.6",
				"eslint-plugin-simple-import-sort": "^12.1.1",
				"eslint-plugin-tsdoc": "^0.4.0",
				"eslint-plugin-unused-imports": "^4.1.4",
				"globals": "^16.0.0",
				"happy-dom": "^12.10.3",
				"json-diff": "^1.0.6",
				"ls-engines": "^0.9.3",
				"msw": "^2.7.3",
				"next": "15.5.8",
				"nock": "^13.5.6",
				"pkg-pr-new": "^0.0.60",
				"prettier": "^3.5.3",
				"prettier-plugin-packagejson": "^2.5.10",
				"rimraf": "^5.0.7",
				"rollup": "^4.39.0",
				"sse-channel": "^4.0.0",
				"terser": "^5.39.0",
				"typescript": "5.8.3",
				"vitest": "3.1.1"
			},
			"engines": {
				"node": ">=20"
			}
		},
		"../node_modules/.pnpm/@sanity+image-url@1.2.0/node_modules/@sanity/image-url": {
			"version": "1.2.0",
			"license": "MIT",
			"devDependencies": {
				"@changesets/changelog-github": "^0.5.1",
				"@changesets/cli": "^2.29.6",
				"@sanity/client": "^6.22.2",
				"@types/jest": "^27.4.0",
				"@types/node": "^17.0.18",
				"jest": "^27.5.1",
				"microbundle": "^0.15.1",
				"prettier": "^2.5.1",
				"rimraf": "^3.0.2",
				"ts-jest": "^27.1.3",
				"tslint": "^6.1.3",
				"tslint-config-prettier": "^1.15.0",
				"typescript": "^4.5.5"
			},
			"engines": {
				"node": ">=10.0.0"
			}
		},
		"../node_modules/.pnpm/@sveltejs+adapter-netlify@6.0.4_@sveltejs+kit@2.60.1_@sveltejs+vite-plugin-svelte@7.1.2_784c0fcfd2b80ff51fe718224e881004/node_modules/@sveltejs/adapter-netlify": {
			"version": "6.0.4",
			"dev": true,
			"license": "MIT",
			"dependencies": {
				"@iarna/toml": "^2.2.5",
				"esbuild": "^0.25.4"
			},
			"devDependencies": {
				"@netlify/dev": "^4.11.2",
				"@netlify/edge-functions": "^3.0.0",
				"@netlify/functions": "^5.0.0",
				"@netlify/node-cookies": "^0.1.0",
				"@netlify/types": "^2.1.0",
				"@rollup/plugin-commonjs": "^29.0.0",
				"@rollup/plugin-json": "^6.1.0",
				"@rollup/plugin-node-resolve": "^16.0.0",
				"@sveltejs/kit": "^2.53.1",
				"@sveltejs/vite-plugin-svelte": "^6.0.0-next.3",
				"@types/node": "^18.19.119",
				"rollup": "^4.14.2",
				"typescript": "^5.3.3",
				"vitest": "^4.0.0"
			},
			"peerDependencies": {
				"@sveltejs/kit": "^2.31.0"
			}
		},
		"../node_modules/.pnpm/@sveltejs+kit@2.60.1_@sveltejs+vite-plugin-svelte@7.1.2_svelte@5.55.9_vite@8.0.14_esbui_ce9d78c013c7570ccf6e5241f3c8733c/node_modules/@sveltejs/kit": {
			"version": "2.60.1",
			"dev": true,
			"license": "MIT",
			"dependencies": {
				"@standard-schema/spec": "^1.0.0",
				"@sveltejs/acorn-typescript": "^1.0.5",
				"@types/cookie": "^0.6.0",
				"acorn": "^8.14.1",
				"cookie": "^0.6.0",
				"devalue": "^5.8.1",
				"esm-env": "^1.2.2",
				"kleur": "^4.1.5",
				"magic-string": "^0.30.5",
				"mrmime": "^2.0.0",
				"set-cookie-parser": "^3.0.0",
				"sirv": "^3.0.0"
			},
			"bin": {
				"svelte-kit": "svelte-kit.js"
			},
			"devDependencies": {
				"@opentelemetry/api": "^1.0.0",
				"@playwright/test": "^1.59.1",
				"@sveltejs/vite-plugin-svelte": "^6.0.0-next.3",
				"@types/connect": "^3.4.38",
				"@types/node": "^18.19.119",
				"@types/set-cookie-parser": "^2.4.7",
				"dts-buddy": "^0.7.0",
				"rollup": "^4.59.0",
				"svelte": "^5.55.7",
				"typescript": "^5.3.3",
				"vite": "^6.4.2",
				"vitest": "^4.0.0"
			},
			"engines": {
				"node": ">=18.13"
			},
			"peerDependencies": {
				"@opentelemetry/api": "^1.0.0",
				"@sveltejs/vite-plugin-svelte": "^3.0.0 || ^4.0.0-next.1 || ^5.0.0 || ^6.0.0-next.0 || ^7.0.0",
				"svelte": "^4.0.0 || ^5.0.0-next.0",
				"typescript": "^5.3.3 || ^6.0.0",
				"vite": "^5.0.3 || ^6.0.0 || ^7.0.0-beta.0 || ^8.0.0"
			},
			"peerDependenciesMeta": {
				"@opentelemetry/api": {
					"optional": true
				},
				"typescript": {
					"optional": true
				}
			}
		},
		"../node_modules/.pnpm/@sveltejs+vite-plugin-svelte@7.1.2_svelte@5.55.9_vite@8.0.14_esbuild@0.28.0_jiti@2.7.0_tsx@4.22.3_yaml@2.9.0_/node_modules/@sveltejs/vite-plugin-svelte": {
			"version": "7.1.2",
			"dev": true,
			"license": "MIT",
			"dependencies": {
				"deepmerge": "^4.3.1",
				"magic-string": "^0.30.21",
				"obug": "^2.1.0",
				"vitefu": "^1.1.2"
			},
			"devDependencies": {
				"@types/debug": "^4.1.12",
				"sass": "^1.94.2",
				"svelte": "^5.45.4",
				"vite": "^8.0.9"
			},
			"engines": {
				"node": "^20.19 || ^22.12 || >=24"
			},
			"peerDependencies": {
				"svelte": "^5.46.4",
				"vite": "^8.0.0-beta.7 || ^8.0.0"
			}
		},
		"../node_modules/.pnpm/groq@3.99.0/node_modules/groq": {
			"version": "3.99.0",
			"license": "MIT",
			"devDependencies": {
				"@repo/eslint-config": "3.99.0",
				"@repo/package.config": "3.99.0"
			},
			"engines": {
				"node": ">=18"
			}
		},
		"../node_modules/.pnpm/svelte-check@4.4.8_picomatch@4.0.4_svelte@5.55.9_typescript@6.0.3/node_modules/svelte-check": {
			"version": "4.4.8",
			"dev": true,
			"license": "MIT",
			"dependencies": {
				"@jridgewell/trace-mapping": "^0.3.25",
				"chokidar": "^4.0.1",
				"fdir": "^6.2.0",
				"picocolors": "^1.0.0",
				"sade": "^1.7.4"
			},
			"bin": {
				"svelte-check": "bin/svelte-check"
			},
			"devDependencies": {
				"@rollup/plugin-commonjs": "^24.0.0",
				"@rollup/plugin-json": "^6.0.0",
				"@rollup/plugin-node-resolve": "^15.0.0",
				"@rollup/plugin-replace": "5.0.2",
				"@rollup/plugin-typescript": "^10.0.0",
				"@types/sade": "^1.7.2",
				"rollup": "3.7.5",
				"rollup-plugin-cleanup": "^3.2.0",
				"rollup-plugin-copy": "^3.4.0",
				"svelte": "^4.2.19",
				"svelte-language-server": "0.18.0",
				"svelte2tsx": "0.7.55",
				"typescript": "^6.0.3",
				"vscode-languageserver": "8.0.2",
				"vscode-languageserver-protocol": "3.17.2",
				"vscode-languageserver-types": "3.17.2",
				"vscode-uri": "~3.1.0"
			},
			"engines": {
				"node": ">= 18.0.0"
			},
			"peerDependencies": {
				"svelte": "^4.0.0 || ^5.0.0-next.0",
				"typescript": ">=5.0.0"
			}
		},
		"../node_modules/.pnpm/svelte@5.55.9/node_modules/svelte": {
			"version": "5.55.9",
			"license": "MIT",
			"dependencies": {
				"@jridgewell/remapping": "^2.3.4",
				"@jridgewell/sourcemap-codec": "^1.5.0",
				"@sveltejs/acorn-typescript": "^1.0.10",
				"@types/estree": "^1.0.5",
				"@types/trusted-types": "^2.0.7",
				"acorn": "^8.12.1",
				"aria-query": "5.3.1",
				"axobject-query": "^4.1.0",
				"clsx": "^2.1.1",
				"devalue": "^5.8.1",
				"esm-env": "^1.2.1",
				"esrap": "^2.2.9",
				"is-reference": "^3.0.3",
				"locate-character": "^3.0.0",
				"magic-string": "^0.30.11",
				"zimmerframe": "^1.1.2"
			},
			"devDependencies": {
				"@jridgewell/trace-mapping": "^0.3.25",
				"@playwright/test": "^1.58.0",
				"@rollup/plugin-commonjs": "^28.0.1",
				"@rollup/plugin-node-resolve": "^15.3.0",
				"@rollup/plugin-terser": "^0.4.4",
				"@rollup/plugin-virtual": "^3.0.2",
				"@types/aria-query": "^5.0.4",
				"@types/node": "^20.11.5",
				"dts-buddy": "^0.5.5",
				"esbuild": "^0.25.10",
				"rollup": "^4.59.0",
				"source-map": "^0.7.4",
				"tinyglobby": "^0.2.12",
				"typescript": "^5.5.4",
				"vitest": "^2.1.9"
			},
			"engines": {
				"node": ">=18"
			}
		},
		"../node_modules/.pnpm/typescript@6.0.3/node_modules/typescript": {
			"version": "6.0.3",
			"dev": true,
			"license": "Apache-2.0",
			"bin": {
				"tsc": "bin/tsc",
				"tsserver": "bin/tsserver"
			},
			"devDependencies": {
				"@dprint/formatter": "^0.4.1",
				"@dprint/typescript": "0.93.4",
				"@esfx/canceltoken": "^1.0.0",
				"@eslint/js": "^10.0.1",
				"@octokit/rest": "^22.0.1",
				"@types/chai": "^4.3.20",
				"@types/minimist": "^1.2.5",
				"@types/mocha": "^10.0.10",
				"@types/ms": "^2.1.0",
				"@types/node": "latest",
				"@types/source-map-support": "^0.5.10",
				"@types/which": "^3.0.4",
				"@typescript-eslint/rule-tester": "^8.56.1",
				"@typescript-eslint/type-utils": "^8.56.1",
				"@typescript-eslint/utils": "^8.56.1",
				"azure-devops-node-api": "^15.1.3",
				"c8": "^10.1.3",
				"chai": "^4.5.0",
				"chokidar": "^4.0.3",
				"diff": "^8.0.3",
				"dprint": "^0.49.1",
				"esbuild": "^0.27.3",
				"eslint": "^10.0.2",
				"eslint-plugin-regexp": "^3.0.0",
				"fast-xml-parser": "^5.4.1",
				"glob": "^10.5.0",
				"globals": "^17.4.0",
				"hereby": "^1.12.0",
				"jsonc-parser": "^3.3.1",
				"knip": "^5.85.0",
				"minimist": "^1.2.8",
				"mocha": "^10.8.2",
				"mocha-fivemat-progress-reporter": "^0.1.0",
				"monocart-coverage-reports": "^2.12.9",
				"ms": "^2.1.3",
				"picocolors": "^1.1.1",
				"playwright": "^1.58.2",
				"source-map-support": "^0.5.21",
				"tslib": "^2.8.1",
				"typescript": "^5.9.3",
				"typescript-eslint": "^8.56.1",
				"which": "^3.0.1"
			},
			"engines": {
				"node": ">=14.17"
			}
		},
		"../node_modules/.pnpm/vite@8.0.14_esbuild@0.28.0_jiti@2.7.0_tsx@4.22.3_yaml@2.9.0/node_modules/vite": {
			"version": "8.0.14",
			"dev": true,
			"license": "MIT",
			"dependencies": {
				"lightningcss": "^1.32.0",
				"picomatch": "^4.0.4",
				"postcss": "^8.5.15",
				"rolldown": "1.0.2",
				"tinyglobby": "^0.2.16"
			},
			"bin": {
				"vite": "bin/vite.js"
			},
			"devDependencies": {
				"@babel/parser": "^7.29.3",
				"@jridgewell/remapping": "^2.3.5",
				"@jridgewell/trace-mapping": "^0.3.31",
				"@polka/compression": "^1.0.0-next.25",
				"@rollup/plugin-alias": "^6.0.0",
				"@rollup/plugin-dynamic-import-vars": "2.1.4",
				"@rollup/pluginutils": "^5.3.0",
				"@types/escape-html": "^1.0.4",
				"@types/pnpapi": "^0.0.5",
				"@vercel/detect-agent": "^1.2.3",
				"@vitejs/devtools": "^0.1.24",
				"@vitest/utils": "4.1.7",
				"artichokie": "^0.4.3",
				"baseline-browser-mapping": "^2.10.31",
				"cac": "^7.0.0",
				"chokidar": "^3.6.0",
				"connect": "^3.7.0",
				"convert-source-map": "^2.0.0",
				"cors": "^2.8.6",
				"cross-spawn": "^7.0.6",
				"dotenv-expand": "^13.0.0",
				"es-module-lexer": "^1.7.0",
				"esbuild": "^0.28.0",
				"escape-html": "^1.0.3",
				"estree-walker": "^3.0.3",
				"etag": "^1.8.1",
				"host-validation-middleware": "^0.1.4",
				"http-proxy-3": "^1.23.2",
				"launch-editor-middleware": "^2.13.2",
				"magic-string": "^0.30.21",
				"mlly": "^1.8.2",
				"mrmime": "^2.0.1",
				"nanoid": "^5.1.11",
				"obug": "^1.0.2",
				"open": "^10.2.0",
				"parse5": "^8.0.1",
				"pathe": "^2.0.3",
				"periscopic": "^4.0.3",
				"picocolors": "^1.1.1",
				"postcss-import": "^16.1.1",
				"postcss-load-config": "^6.0.1",
				"postcss-modules": "^6.0.1",
				"premove": "^4.0.0",
				"resolve.exports": "^2.0.3",
				"rolldown-plugin-dts": "^0.25.1",
				"rollup": "^4.59.0",
				"rollup-plugin-license": "^3.7.1",
				"sass": "^1.99.0",
				"sass-embedded": "^1.99.0",
				"sirv": "^3.0.2",
				"strip-literal": "^3.1.0",
				"terser": "^5.47.1",
				"ufo": "^1.6.4",
				"ws": "^8.20.1"
			},
			"engines": {
				"node": "^20.19.0 || >=22.12.0"
			},
			"funding": {
				"url": "https://github.com/vitejs/vite?sponsor=1"
			},
			"optionalDependencies": {
				"fsevents": "~2.3.3"
			},
			"peerDependencies": {
				"@types/node": "^20.19.0 || >=22.12.0",
				"@vitejs/devtools": "^0.1.18",
				"esbuild": "^0.27.0 || ^0.28.0",
				"jiti": ">=1.21.0",
				"less": "^4.0.0",
				"sass": "^1.70.0",
				"sass-embedded": "^1.70.0",
				"stylus": ">=0.54.8",
				"sugarss": "^5.0.0",
				"terser": "^5.16.0",
				"tsx": "^4.8.1",
				"yaml": "^2.4.2"
			},
			"peerDependenciesMeta": {
				"@types/node": {
					"optional": true
				},
				"@vitejs/devtools": {
					"optional": true
				},
				"esbuild": {
					"optional": true
				},
				"jiti": {
					"optional": true
				},
				"less": {
					"optional": true
				},
				"sass": {
					"optional": true
				},
				"sass-embedded": {
					"optional": true
				},
				"stylus": {
					"optional": true
				},
				"sugarss": {
					"optional": true
				},
				"terser": {
					"optional": true
				},
				"tsx": {
					"optional": true
				},
				"yaml": {
					"optional": true
				}
			}
		},
		"node_modules/@portabletext/svelte": {
			"version": "3.0.1",
			"resolved": "https://registry.npmjs.org/@portabletext/svelte/-/svelte-3.0.1.tgz",
			"integrity": "sha512-zti69Y0kTSOijZmdQQp8emuDM5IYn2zZFPoRH37sCN7bu3QRCQgFqiMouGw+m7x3z7BgaaBLKsyvkDHrA8QnzA==",
			"license": "MIT",
			"dependencies": {
				"@portabletext/toolkit": "^2.0.18"
			},
			"peerDependencies": {
				"svelte": "^5.0.0"
			}
		},
		"node_modules/@portabletext/toolkit": {
			"version": "2.0.18",
			"resolved": "https://registry.npmjs.org/@portabletext/toolkit/-/toolkit-2.0.18.tgz",
			"integrity": "sha512-m3v2WwKQTNNk5BFZlUuPuCW0Zi6iDSpwrium4Ej5L2FHDXhFuwAyEMPXDrvwPvqjES/oJzcwmdKLMhYa44T9BQ==",
			"license": "MIT",
			"dependencies": {
				"@portabletext/types": "^2.0.13"
			},
			"engines": {
				"node": "^14.13.1 || >=16.0.0"
			}
		},
		"node_modules/@portabletext/toolkit/node_modules/@portabletext/types": {
			"version": "2.0.15",
			"resolved": "https://registry.npmjs.org/@portabletext/types/-/types-2.0.15.tgz",
			"integrity": "sha512-2e6i2gSQsrA/5OL5Gm4/9bxB9MNO73Fa47zj+0mT93xkoQUCGCWX5fZh1YBJ86hszaRYlqvqG08oULxvvPPp/Q==",
			"license": "MIT",
			"engines": {
				"node": "^14.13.1 || >=16.0.0 || >=18.0.0"
			}
		},
		"node_modules/@portabletext/types": {
			"version": "4.0.2",
			"resolved": "https://registry.npmjs.org/@portabletext/types/-/types-4.0.2.tgz",
			"integrity": "sha512-djfIGU9n6DRrunlvj2nIDAp17URo/nA4jSXGvf+Gupx8NLLy9fmJBZ3GL8yhqn9lSVc+cKCharjOa3aOBnWbRw==",
			"dev": true,
			"license": "MIT",
			"engines": {
				"node": ">=20.19 <22 || >=22.12"
			}
		},
		"node_modules/@sanity/client": {
			"resolved": "../node_modules/.pnpm/@sanity+client@7.22.0/node_modules/@sanity/client",
			"link": true
		},
		"node_modules/@sanity/image-url": {
			"resolved": "../node_modules/.pnpm/@sanity+image-url@1.2.0/node_modules/@sanity/image-url",
			"link": true
		},
		"node_modules/@sveltejs/adapter-netlify": {
			"resolved": "../node_modules/.pnpm/@sveltejs+adapter-netlify@6.0.4_@sveltejs+kit@2.60.1_@sveltejs+vite-plugin-svelte@7.1.2_784c0fcfd2b80ff51fe718224e881004/node_modules/@sveltejs/adapter-netlify",
			"link": true
		},
		"node_modules/@sveltejs/kit": {
			"resolved": "../node_modules/.pnpm/@sveltejs+kit@2.60.1_@sveltejs+vite-plugin-svelte@7.1.2_svelte@5.55.9_vite@8.0.14_esbui_ce9d78c013c7570ccf6e5241f3c8733c/node_modules/@sveltejs/kit",
			"link": true
		},
		"node_modules/@sveltejs/vite-plugin-svelte": {
			"resolved": "../node_modules/.pnpm/@sveltejs+vite-plugin-svelte@7.1.2_svelte@5.55.9_vite@8.0.14_esbuild@0.28.0_jiti@2.7.0_tsx@4.22.3_yaml@2.9.0_/node_modules/@sveltejs/vite-plugin-svelte",
			"link": true
		},
		"node_modules/groq": {
			"resolved": "../node_modules/.pnpm/groq@3.99.0/node_modules/groq",
			"link": true
		},
		"node_modules/svelte": {
			"resolved": "../node_modules/.pnpm/svelte@5.55.9/node_modules/svelte",
			"link": true
		},
		"node_modules/svelte-check": {
			"resolved": "../node_modules/.pnpm/svelte-check@4.4.8_picomatch@4.0.4_svelte@5.55.9_typescript@6.0.3/node_modules/svelte-check",
			"link": true
		},
		"node_modules/typescript": {
			"resolved": "../node_modules/.pnpm/typescript@6.0.3/node_modules/typescript",
			"link": true
		},
		"node_modules/vite": {
			"resolved": "../node_modules/.pnpm/vite@8.0.14_esbuild@0.28.0_jiti@2.7.0_tsx@4.22.3_yaml@2.9.0/node_modules/vite",
			"link": true
		}
	}
}
